
Microsoft Visual Studio Solution File, Format Version 12.00
# Visual Studio Version 16
VisualStudioVersion = 16.0.32602.291
MinimumVisualStudioVersion = 10.0.40219.1
Project("{FAE04EC0-301F-11D3-BF4B-00C04F79EFBC}") = "Webbook", "Webbook\Webbook.csproj", "{44ABA470-6886-4912-9CF0-5E1DEE5C8AA0}"
EndProject
Global
	GlobalSection(SolutionConfigurationPlatforms) = preSolution
		Debug|Any CPU = Debug|Any CPU
		Release|Any CPU = Release|Any CPU
	EndGlobalSection
	GlobalSection(ProjectConfigurationPlatforms) = postSolution
		{44ABA470-6886-4912-9CF0-5E1DEE5C8AA0}.Debug|Any CPU.ActiveCfg = Debug|Any CPU
		{44ABA470-6886-4912-9CF0-5E1DEE5C8AA0}.Debug|Any CPU.Build.0 = Debug|Any CPU
		{44ABA470-6886-4912-9CF0-5E1DEE5C8AA0}.Release|Any CPU.ActiveCfg = Release|Any CPU
		{44ABA470-6886-4912-9CF0-5E1DEE5C8AA0}.Release|Any CPU.Build.0 = Release|Any CPU
	EndGlobalSection
	GlobalSection(SolutionProperties) = preSolution
		HideSolutionNode = FALSE
	EndGlobalSection
	GlobalSection(ExtensibilityGlobals) = postSolution
		SolutionGuid = {94AF3C21-AC9C-447C-894E-CF4AA1685086}
	EndGlobalSection
EndGlobal
